# THIS IS AN AUTOGENERATED FILE. DO NOT EDIT THIS FILE DIRECTLY.
# yarn lockfile v1


jquery@^3.6.0:
  version "3.6.0"
  resolved "https://registry.yarnpkg.com/jquery/-/jquery-3.6.0.tgz#c72a09f15c1bdce142f49dbf1170bdf8adac2470"
  integrity sha512-JVzAR/AjBvVt2BmYhxRCSYysDsPcssdmTFnzyLEts9qNwmjmu4JTAMYubEfwVOSwpQ1I1sKKFcxhZCI2buerfw==

react-timer-hook@^3.0.5:
  version "3.0.5"
  resolved "https://registry.yarnpkg.com/react-timer-hook/-/react-timer-hook-3.0.5.tgz#a8d930f99b180cd88da245965a26a17df3e7457b"
  integrity sha512-n+98SdmYvui2ne3KyWb3Ldu4k0NYQa3g/VzW6VEIfZJ8GAk/jJsIY700M8Nd2vNSTj05c7wKyQfJBqZ0x7zfiA==
